// !$*UTF8*$!
{
	archiveVersion = 1;
	classes = {
	};
	objectVersion = 50;
	objects = {

/* Begin PBXBuildFile section */
		96C6C41123530B2600A141DE /* AppDelegate.swift in Sources */ = {isa = PBXBuildFile; fileRef = 96C6C41023530B2600A141DE /* AppDelegate.swift */; };
		96C6C41323530B2600A141DE /* SceneDelegate.swift in Sources */ = {isa = PBXBuildFile; fileRef = 96C6C41223530B2600A141DE /* SceneDelegate.swift */; };
		96C6C41523530B2600A141DE /* ViewController.swift in Sources */ = {isa = PBXBuildFile; fileRef = 96C6C41423530B2600A141DE /* ViewController.swift */; };
		96C6C41823530B2600A141DE /* Main.storyboard in Resources */ = {isa = PBXBuildFile; fileRef = 96C6C41623530B2600A141DE /* Main.storyboard */; };
		96C6C41B23530B2600A141DE /* Uicery.xcdatamodeld in Sources */ = {isa = PBXBuildFile; fileRef = 96C6C41923530B2600A141DE /* Uicery.xcdatamodeld */; };
		96C6C41D23530B2700A141DE /* Assets.xcassets in Resources */ = {isa = PBXBuildFile; fileRef = 96C6C41C23530B2700A141DE /* Assets.xcassets */; };
		96C6C42023530B2700A141DE /* LaunchScreen.storyboard in Resources */ = {isa = PBXBuildFile; fileRef = 96C6C41E23530B2700A141DE /* LaunchScreen.storyboard */; };
		96C6C42B23530B2800A141DE /* UiceryTests.swift in Sources */ = {isa = PBXBuildFile; fileRef = 96C6C42A23530B2800A141DE /* UiceryTests.swift */; };
		96C6C43623530B2800A141DE /* UiceryUITests.swift in Sources */ = {isa = PBXBuildFile; fileRef = 96C6C43523530B2800A141DE /* UiceryUITests.swift */; };
/* End PBXBuildFile section */

/* Begin PBXContainerItemProxy section */
		96C6C42723530B2800A141DE /* PBXContainerItemProxy */ = {
			isa = PBXContainerItemProxy;
			containerPortal = 96C6C40523530B2600A141DE /* Project object */;
			proxyType = 1;
			remoteGlobalIDString = 96C6C40C23530B2600A141DE;
			remoteInfo = Uicery;
		};
		96C6C43223530B2800A141DE /* PBXContainerItemProxy */ = {
			isa = PBXContainerItemProxy;
			containerPortal = 96C6C40523530B2600A141DE /* Project object */;
			proxyType = 1;
			remoteGlobalIDString = 96C6C40C23530B2600A141DE;
			remoteInfo = Uicery;
		};
/* End PBXContainerItemProxy section */

/* Begin PBXFileReference section */
		96C6C40D23530B2600A141DE /* Uicery.app */ = {isa = PBXFileReference; explicitFileType = wrapper.application; includeInIndex = 0; path = Uicery.app; sourceTree = BUILT_PRODUCTS_DIR; };
		96C6C41023530B2600A141DE /* AppDelegate.swift */ = {isa = PBXFileReference; lastKnownFileType = sourcecode.swift; path = AppDelegate.swift; sourceTree = "<group>"; };
		96C6C41223530B2600A141DE /* SceneDelegate.swift */ = {isa = PBXFileReference; lastKnownFileType = sourcecode.swift; path = SceneDelegate.swift; sourceTree = "<group>"; };
		96C6C41423530B2600A141DE /* ViewController.swift */ = {isa = PBXFileReference; lastKnownFileType = sourcecode.swift; path = ViewController.swift; sourceTree = "<group>"; };
		96C6C41723530B2600A141DE /* Base */ = {isa = PBXFileReference; lastKnownFileType = file.storyboard; name = Base; path = Base.lproj/Main.storyboard; sourceTree = "<group>"; };
		96C6C41A23530B2600A141DE /* Uicery.xcdatamodel */ = {isa = PBXFileReference; lastKnownFileType = wrapper.xcdatamodel; path = Uicery.xcdatamodel; sourceTree = "<group>"; };
		96C6C41C23530B2700A141DE /* Assets.xcassets */ = {isa = PBXFileReference; lastKnownFileType = folder.assetcatalog; path = Assets.xcassets; sourceTree = "<group>"; };
		96C6C41F23530B2700A141DE /* Base */ = {isa = PBXFileReference; lastKnownFileType = file.storyboard; name = Base; path = Base.lproj/LaunchScreen.storyboard; sourceTree = "<group>"; };
		96C6C42123530B2700A141DE /* Info.plist */ = {isa = PBXFileReference; lastKnownFileType = text.plist.xml; path = Info.plist; sourceTree = "<group>"; };
		96C6C42623530B2800A141DE /* UiceryTests.xctest */ = {isa = PBXFileReference; explicitFileType = wrapper.cfbundle; includeInIndex = 0; path = UiceryTests.xctest; sourceTree = BUILT_PRODUCTS_DIR; };
		96C6C42A23530B2800A141DE /* UiceryTests.swift */ = {isa = PBXFileReference; lastKnownFileType = sourcecode.swift; path = UiceryTests.swift; sourceTree = "<group>"; };
		96C6C42C23530B2800A141DE /* Info.plist */ = {isa = PBXFileReference; lastKnownFileType = text.plist.xml; path = Info.plist; sourceTree = "<group>"; };
		96C6C43123530B2800A141DE /* UiceryUITests.xctest */ = {isa = PBXFileReference; explicitFileType = wrapper.cfbundle; includeInIndex = 0; path = UiceryUITests.xctest; sourceTree = BUILT_PRODUCTS_DIR; };
		96C6C43523530B2800A141DE /* UiceryUITests.swift */ = {isa = PBXFileReference; lastKnownFileType = sourcecode.swift; path = UiceryUITests.swift; sourceTree = "<group>"; };
		96C6C43723530B2800A141DE /* Info.plist */ = {isa = PBXFileReference; lastKnownFileType = text.plist.xml; path = Info.plist; sourceTree = "<group>"; };
/* End PBXFileReference section */

/* Begin PBXFrameworksBuildPhase section */
		96C6C40A23530B2600A141DE /* Frameworks */ = {
			isa = PBXFrameworksBuildPhase;
			buildActionMask = 2147483647;
			files = (
			);
			runOnlyForDeploymentPostprocessing = 0;
		};
		96C6C42323530B2800A141DE /* Frameworks */ = {
			isa = PBXFrameworksBuildPhase;
			buildActionMask = 2147483647;
			files = (
			);
			runOnlyForDeploymentPostprocessing = 0;
		};
		96C6C42E23530B2800A141DE /* Frameworks */ = {
			isa = PBXFrameworksBuildPhase;
			buildActionMask = 2147483647;
			files = (
			);
			runOnlyForDeploymentPostprocessing = 0;
		};
/* End PBXFrameworksBuildPhase section */

/* Begin PBXGroup section */
		96C6C40423530B2600A141DE = {
			isa = PBXGroup;
			children = (
				96C6C40F23530B2600A141DE /* Uicery */,
				96C6C42923530B2800A141DE /* UiceryTests */,
				96C6C43423530B2800A141DE /* UiceryUITests */,
				96C6C40E23530B2600A141DE /* Products */,
			);
			sourceTree = "<group>";
		};
		96C6C40E23530B2600A141DE /* Products */ = {
			isa = PBXGroup;
			children = (
				96C6C40D23530B2600A141DE /* Uicery.app */,
				96C6C42623530B2800A141DE /* UiceryTests.xctest */,
				96C6C43123530B2800A141DE /* UiceryUITests.xctest */,
			);
			name = Products;
			sourceTree = "<group>";
		};
		96C6C40F23530B2600A141DE /* Uicery */ = {
			isa = PBXGroup;
			children = (
				96C6C41023530B2600A141DE /* AppDelegate.swift */,
				96C6C41223530B2600A141DE /* SceneDelegate.swift */,
				96C6C41423530B2600A141DE /* ViewController.swift */,
				96C6C41623530B2600A141DE /* Main.storyboard */,
				96C6C41C23530B2700A141DE /* Assets.xcassets */,
				96C6C41E23530B2700A141DE /* LaunchScreen.storyboard */,
				96C6C42123530B2700A141DE /* Info.plist */,
				96C6C41923530B2600A141DE /* Uicery.xcdatamodeld */,
			);
			path = Uicery;
			sourceTree = "<group>";
		};
		96C6C42923530B2800A141DE /* UiceryTests */ = {
			isa = PBXGroup;
			children = (
				96C6C42A23530B2800A141DE /* UiceryTests.swift */,
				96C6C42C23530B2800A141DE /* Info.plist */,
			);
			path = UiceryTests;
			sourceTree = "<group>";
		};
		96C6C43423530B2800A141DE /* UiceryUITests */ = {
			isa = PBXGroup;
			children = (
				96C6C43523530B2800A141DE /* UiceryUITests.swift */,
				96C6C43723530B2800A141DE /* Info.plist */,
			);
			path = UiceryUITests;
			sourceTree = "<group>";
		};
/* End PBXGroup section */

/* Begin PBXNativeTarget section */
		96C6C40C23530B2600A141DE /* Uicery */ = {
			isa = PBXNativeTarget;
			buildConfigurationList = 96C6C43A23530B2800A141DE /* Build configuration list for PBXNativeTarget "Uicery" */;
			buildPhases = (
				96C6C40923530B2600A141DE /* Sources */,
				96C6C40A23530B2600A141DE /* Frameworks */,
				96C6C40B23530B2600A141DE /* Resources */,
			);
			buildRules = (
			);
			dependencies = (
			);
			name = Uicery;
			productName = Uicery;
			productReference = 96C6C40D23530B2600A141DE /* Uicery.app */;
			productType = "com.apple.product-type.application";
		};
		96C6C42523530B2800A141DE /* UiceryTests */ = {
			isa = PBXNativeTarget;
			buildConfigurationList = 96C6C43D23530B2800A141DE /* Build configuration list for PBXNativeTarget "UiceryTests" */;
			buildPhases = (
				96C6C42223530B2800A141DE /* Sources */,
				96C6C42323530B2800A141DE /* Frameworks */,
				96C6C42423530B2800A141DE /* Resources */,
			);
			buildRules = (
			);
			dependencies = (
				96C6C42823530B2800A141DE /* PBXTargetDependency */,
			);
			name = UiceryTests;
			productName = UiceryTests;
			productReference = 96C6C42623530B2800A141DE /* UiceryTests.xctest */;
			productType = "com.apple.product-type.bundle.unit-test";
		};
		96C6C43023530B2800A141DE /* UiceryUITests */ = {
			isa = PBXNativeTarget;
			buildConfigurationList = 96C6C44023530B2800A141DE /* Build configuration list for PBXNativeTarget "UiceryUITests" */;
			buildPhases = (
				96C6C42D23530B2800A141DE /* Sources */,
				96C6C42E23530B2800A141DE /* Frameworks */,
				96C6C42F23530B2800A141DE /* Resources */,
			);
			buildRules = (
			);
			dependencies = (
				96C6C43323530B2800A141DE /* PBXTargetDependency */,
			);
			name = UiceryUITests;
			productName = UiceryUITests;
			productReference = 96C6C43123530B2800A141DE /* UiceryUITests.xctest */;
			productType = "com.apple.product-type.bundle.ui-testing";
		};
/* End PBXNativeTarget section */

/* Begin PBXProject section */
		96C6C40523530B2600A141DE /* Project object */ = {
			isa = PBXProject;
			attributes = {
				LastSwiftUpdateCheck = 1110;
				LastUpgradeCheck = 1110;
				ORGANIZATIONNAME = "Yitao Qiu";
				TargetAttributes = {
					96C6C40C23530B2600A141DE = {
						CreatedOnToolsVersion = 11.1;
					};
					96C6C42523530B2800A141DE = {
						CreatedOnToolsVersion = 11.1;
						TestTargetID = 96C6C40C23530B2600A141DE;
					};
					96C6C43023530B2800A141DE = {
						CreatedOnToolsVersion = 11.1;
						TestTargetID = 96C6C40C23530B2600A141DE;
					};
				};
			};
			buildConfigurationList = 96C6C40823530B2600A141DE /* Build configuration list for PBXProject "Uicery" */;
			compatibilityVersion = "Xcode 9.3";
			developmentRegion = en;
			hasScannedForEncodings = 0;
			knownRegions = (
				en,
				Base,
			);
			mainGroup = 96C6C40423530B2600A141DE;
			productRefGroup = 96C6C40E23530B2600A141DE /* Products */;
			projectDirPath = "";
			projectRoot = "";
			targets = (
				96C6C40C23530B2600A141DE /* Uicery */,
				96C6C42523530B2800A141DE /* UiceryTests */,
				96C6C43023530B2800A141DE /* UiceryUITests */,
			);
		};
/* End PBXProject section */

/* Begin PBXResourcesBuildPhase section */
		96C6C40B23530B2600A141DE /* Resources */ = {
			isa = PBXResourcesBuildPhase;
			buildActionMask = 2147483647;
			files = (
				96C6C42023530B2700A141DE /* LaunchScreen.storyboard in Resources */,
				96C6C41D23530B2700A141DE /* Assets.xcassets in Resources */,
				96C6C41823530B2600A141DE /* Main.storyboard in Resources */,
			);
			runOnlyForDeploymentPostprocessing = 0;
		};
		96C6C42423530B2800A141DE /* Resources */ = {
			isa = PBXResourcesBuildPhase;
			buildActionMask = 2147483647;
			files = (
			);
			runOnlyForDeploymentPostprocessing = 0;
		};
		96C6C42F23530B2800A141DE /* Resources */ = {
			isa = PBXResourcesBuildPhase;
			buildActionMask = 2147483647;
			files = (
			);
			runOnlyForDeploymentPostprocessing = 0;
		};
/* End PBXResourcesBuildPhase section */

/* Begin PBXSourcesBuildPhase section */
		96C6C40923530B2600A141DE /* Sources */ = {
			isa = PBXSourcesBuildPhase;
			buildActionMask = 2147483647;
			files = (
				96C6C41B23530B2600A141DE /* Uicery.xcdatamodeld in Sources */,
				96C6C41523530B2600A141DE /* ViewController.swift in Sources */,
				96C6C41123530B2600A141DE /* AppDelegate.swift in Sources */,
				96C6C41323530B2600A141DE /* SceneDelegate.swift in Sources */,
			);
			runOnlyForDeploymentPostprocessing = 0;
		};
		96C6C42223530B2800A141DE /* Sources */ = {
			isa = PBXSourcesBuildPhase;
			buildActionMask = 2147483647;
			files = (
				96C6C42B23530B2800A141DE /* UiceryTests.swift in Sources */,
			);
			runOnlyForDeploymentPostprocessing = 0;
		};
		96C6C42D23530B2800A141DE /* Sources */ = {
			isa = PBXSourcesBuildPhase;
			buildActionMask = 2147483647;
			files = (
				96C6C43623530B2800A141DE /* UiceryUITests.swift in Sources */,
			);
			runOnlyForDeploymentPostprocessing = 0;
		};
/* End PBXSourcesBuildPhase section */

/* Begin PBXTargetDependency section */
		96C6C42823530B2800A141DE /* PBXTargetDependency */ = {
			isa = PBXTargetDependency;
			target = 96C6C40C23530B2600A141DE /* Uicery */;
			targetProxy = 96C6C42723530B2800A141DE /* PBXContainerItemProxy */;
		};
		96C6C43323530B2800A141DE /* PBXTargetDependency */ = {
			isa = PBXTargetDependency;
			target = 96C6C40C23530B2600A141DE /* Uicery */;
			targetProxy = 96C6C43223530B2800A141DE /* PBXContainerItemProxy */;
		};
/* End PBXTargetDependency section */

/* Begin PBXVariantGroup section */
		96C6C41623530B2600A141DE /* Main.storyboard */ = {
			isa = PBXVariantGroup;
			children = (
				96C6C41723530B2600A141DE /* Base */,
			);
			name = Main.storyboard;
			sourceTree = "<group>";
		};
		96C6C41E23530B2700A141DE /* LaunchScreen.storyboard */ = {
			isa = PBXVariantGroup;
			children = (
				96C6C41F23530B2700A141DE /* Base */,
			);
			name = LaunchScreen.storyboard;
			sourceTree = "<group>";
		};
/* End PBXVariantGroup section */

/* Begin XCBuildConfiguration section */
		96C6C43823530B2800A141DE /* Debug */ = {
			isa = XCBuildConfiguration;
			buildSettings = {
				ALWAYS_SEARCH_USER_PATHS = NO;
				CLANG_ANALYZER_NONNULL = YES;
				CLANG_ANALYZER_NUMBER_OBJECT_CONVERSION = YES_AGGRESSIVE;
				CLANG_CXX_LANGUAGE_STANDARD = "gnu++14";
				CLANG_CXX_LIBRARY = "libc++";
				CLANG_ENABLE_MODULES = YES;
				CLANG_ENABLE_OBJC_ARC = YES;
				CLANG_ENABLE_OBJC_WEAK = YES;
				CLANG_WARN_BLOCK_CAPTURE_AUTORELEASING = YES;
				CLANG_WARN_BOOL_CONVERSION = YES;
				CLANG_WARN_COMMA = YES;
				CLANG_WARN_CONSTANT_CONVERSION = YES;
				CLANG_WARN_DEPRECATED_OBJC_IMPLEMENTATIONS = YES;
				CLANG_WARN_DIRECT_OBJC_ISA_USAGE = YES_ERROR;
				CLANG_WARN_DOCUMENTATION_COMMENTS = YES;
				CLANG_WARN_EMPTY_BODY = YES;
				CLANG_WARN_ENUM_CONVERSION = YES;
				CLANG_WARN_INFINITE_RECURSION = YES;
				CLANG_WARN_INT_CONVERSION = YES;
				CLANG_WARN_NON_LITERAL_NULL_CONVERSION = YES;
				CLANG_WARN_OBJC_IMPLICIT_RETAIN_SELF = YES;
				CLANG_WARN_OBJC_LITERAL_CONVERSION = YES;
				CLANG_WARN_OBJC_ROOT_CLASS = YES_ERROR;
				CLANG_WARN_RANGE_LOOP_ANALYSIS = YES;
				CLANG_WARN_STRICT_PROTOTYPES = YES;
				CLANG_WARN_SUSPICIOUS_MOVE = YES;
				CLANG_WARN_UNGUARDED_AVAILABILITY = YES_AGGRESSIVE;
				CLANG_WARN_UNREACHABLE_CODE = YES;
				CLANG_WARN__DUPLICATE_METHOD_MATCH = YES;
				COPY_PHASE_STRIP = NO;
				DEBUG_INFORMATION_FORMAT = dwarf;
				ENABLE_STRICT_OBJC_MSGSEND = YES;
				ENABLE_TESTABILITY = YES;
				GCC_C_LANGUAGE_STANDARD = gnu11;
				GCC_DYNAMIC_NO_PIC = NO;
				GCC_NO_COMMON_BLOCKS = YES;
				GCC_OPTIMIZATION_LEVEL = 0;
				GCC_PREPROCESSOR_DEFINITIONS = (
					"DEBUG=1",
					"$(inherited)",
				);
				GCC_WARN_64_TO_32_BIT_CONVERSION = YES;
				GCC_WARN_ABOUT_RETURN_TYPE = YES_ERROR;
				GCC_WARN_UNDECLARED_SELECTOR = YES;
				GCC_WARN_UNINITIALIZED_AUTOS = YES_AGGRESSIVE;
				GCC_WARN_UNUSED_FUNCTION = YES;
				GCC_WARN_UNUSED_VARIABLE = YES;
				IPHONEOS_DEPLOYMENT_TARGET = 13.1;
				MTL_ENABLE_DEBUG_INFO = INCLUDE_SOURCE;
				MTL_FAST_MATH = YES;
				ONLY_ACTIVE_ARCH = YES;
				SDKROOT = iphoneos;
				SWIFT_ACTIVE_COMPILATION_CONDITIONS = DEBUG;
				SWIFT_OPTIMIZATION_LEVEL = "-Onone";
			};
			name = Debug;
		};
		96C6C43923530B2800A141DE /* Release */ = {
			isa = XCBuildConfiguration;
			buildSettings = {
				ALWAYS_SEARCH_USER_PATHS = NO;
				CLANG_ANALYZER_NONNULL = YES;
				CLANG_ANALYZER_NUMBER_OBJECT_CONVERSION = YES_AGGRESSIVE;
				CLANG_CXX_LANGUAGE_STANDARD = "gnu++14";
				CLANG_CXX_LIBRARY = "libc++";
				CLANG_ENABLE_MODULES = YES;
				CLANG_ENABLE_OBJC_ARC = YES;
				CLANG_ENABLE_OBJC_WEAK = YES;
				CLANG_WARN_BLOCK_CAPTURE_AUTORELEASING = YES;
				CLANG_WARN_BOOL_CONVERSION = YES;
				CLANG_WARN_COMMA = YES;
				CLANG_WARN_CONSTANT_CONVERSION = YES;
				CLANG_WARN_DEPRECATED_OBJC_IMPLEMENTATIONS = YES;
				CLANG_WARN_DIRECT_OBJC_ISA_USAGE = YES_ERROR;
				CLANG_WARN_DOCUMENTATION_COMMENTS = YES;
				CLANG_WARN_EMPTY_BODY = YES;
				CLANG_WARN_ENUM_CONVERSION = YES;
				CLANG_WARN_INFINITE_RECURSION = YES;
				CLANG_WARN_INT_CONVERSION = YES;
				CLANG_WARN_NON_LITERAL_NULL_CONVERSION = YES;
				CLANG_WARN_OBJC_IMPLICIT_RETAIN_SELF = YES;
				CLANG_WARN_OBJC_LITERAL_CONVERSION = YES;
				CLANG_WARN_OBJC_ROOT_CLASS = YES_ERROR;
				CLANG_WARN_RANGE_LOOP_ANALYSIS = YES;
				CLANG_WARN_STRICT_PROTOTYPES = YES;
				CLANG_WARN_SUSPICIOUS_MOVE = YES;
				CLANG_WARN_UNGUARDED_AVAILABILITY = YES_AGGRESSIVE;
				CLANG_WARN_UNREACHABLE_CODE = YES;
				CLANG_WARN__DUPLICATE_METHOD_MATCH = YES;
				COPY_PHASE_STRIP = NO;
				DEBUG_INFORMATION_FORMAT = "dwarf-with-dsym";
				ENABLE_NS_ASSERTIONS = NO;
				ENABLE_STRICT_OBJC_MSGSEND = YES;
				GCC_C_LANGUAGE_STANDARD = gnu11;
				GCC_NO_COMMON_BLOCKS = YES;
				GCC_WARN_64_TO_32_BIT_CONVERSION = YES;
				GCC_WARN_ABOUT_RETURN_TYPE = YES_ERROR;
				GCC_WARN_UNDECLARED_SELECTOR = YES;
				GCC_WARN_UNINITIALIZED_AUTOS = YES_AGGRESSIVE;
				GCC_WARN_UNUSED_FUNCTION = YES;
				GCC_WARN_UNUSED_VARIABLE = YES;
				IPHONEOS_DEPLOYMENT_TARGET = 13.1;
				MTL_ENABLE_DEBUG_INFO = NO;
				MTL_FAST_MATH = YES;
				SDKROOT = iphoneos;
				SWIFT_COMPILATION_MODE = wholemodule;
				SWIFT_OPTIMIZATION_LEVEL = "-O";
				VALIDATE_PRODUCT = YES;
			};
			name = Release;
		};
		96C6C43B23530B2800A141DE /* Debug */ = {
			isa = XCBuildConfiguration;
			buildSettings = {
				ASSETCATALOG_COMPILER_APPICON_NAME = AppIcon;
				CODE_SIGN_STYLE = Automatic;
				DEVELOPMENT_TEAM = M2DTJ8C4XD;
				INFOPLIST_FILE = Uicery/Info.plist;
				LD_RUNPATH_SEARCH_PATHS = (
					"$(inherited)",
					"@executable_path/Frameworks",
				);
				PRODUCT_BUNDLE_IDENTIFIER = com.assassintao.Uicery;
				PRODUCT_NAME = "$(TARGET_NAME)";
				SWIFT_VERSION = 5.0;
				TARGETED_DEVICE_FAMILY = "1,2";
			};
			name = Debug;
		};
		96C6C43C23530B2800A141DE /* Release */ = {
			isa = XCBuildConfiguration;
			buildSettings = {
				ASSETCATALOG_COMPILER_APPICON_NAME = AppIcon;
				CODE_SIGN_STYLE = Automatic;
				DEVELOPMENT_TEAM = M2DTJ8C4XD;
				INFOPLIST_FILE = Uicery/Info.plist;
				LD_RUNPATH_SEARCH_PATHS = (
					"$(inherited)",
					"@executable_path/Frameworks",
				);
				PRODUCT_BUNDLE_IDENTIFIER = com.assassintao.Uicery;
				PRODUCT_NAME = "$(TARGET_NAME)";
				SWIFT_VERSION = 5.0;
				TARGETED_DEVICE_FAMILY = "1,2";
			};
			name = Release;
		};
		96C6C43E23530B2800A141DE /* Debug */ = {
			isa = XCBuildConfiguration;
			buildSettings = {
				ALWAYS_EMBED_SWIFT_STANDARD_LIBRARIES = YES;
				BUNDLE_LOADER = "$(TEST_HOST)";
				CODE_SIGN_STYLE = Automatic;
				DEVELOPMENT_TEAM = M2DTJ8C4XD;
				INFOPLIST_FILE = UiceryTests/Info.plist;
				IPHONEOS_DEPLOYMENT_TARGET = 13.1;
				LD_RUNPATH_SEARCH_PATHS = (
					"$(inherited)",
					"@executable_path/Frameworks",
					"@loader_path/Frameworks",
				);
				PRODUCT_BUNDLE_IDENTIFIER = com.assassintao.UiceryTests;
				PRODUCT_NAME = "$(TARGET_NAME)";
				SWIFT_VERSION = 5.0;
				TARGETED_DEVICE_FAMILY = "1,2";
				TEST_HOST = "$(BUILT_PRODUCTS_DIR)/Uicery.app/Uicery";
			};
			name = Debug;
		};
		96C6C43F23530B2800A141DE /* Release */ = {
			isa = XCBuildConfiguration;
			buildSettings = {
				ALWAYS_EMBED_SWIFT_STANDARD_LIBRARIES = YES;
				BUNDLE_LOADER = "$(TEST_HOST)";
				CODE_SIGN_STYLE = Automatic;
				DEVELOPMENT_TEAM = M2DTJ8C4XD;
				INFOPLIST_FILE = UiceryTests/Info.plist;
				IPHONEOS_DEPLOYMENT_TARGET = 13.1;
				LD_RUNPATH_SEARCH_PATHS = (
					"$(inherited)",
					"@executable_path/Frameworks",
					"@loader_path/Frameworks",
				);
				PRODUCT_BUNDLE_IDENTIFIER = com.assassintao.UiceryTests;
				PRODUCT_NAME = "$(TARGET_NAME)";
				SWIFT_VERSION = 5.0;
				TARGETED_DEVICE_FAMILY = "1,2";
				TEST_HOST = "$(BUILT_PRODUCTS_DIR)/Uicery.app/Uicery";
			};
			name = Release;
		};
		96C6C44123530B2800A141DE /* Debug */ = {
			isa = XCBuildConfiguration;
			buildSettings = {
				ALWAYS_EMBED_SWIFT_STANDARD_LIBRARIES = YES;
				CODE_SIGN_STYLE = Automatic;
				DEVELOPMENT_TEAM = M2DTJ8C4XD;
				INFOPLIST_FILE = UiceryUITests/Info.plist;
				LD_RUNPATH_SEARCH_PATHS = (
					"$(inherited)",
					"@executable_path/Frameworks",
					"@loader_path/Frameworks",
				);
				PRODUCT_BUNDLE_IDENTIFIER = com.assassintao.UiceryUITests;
				PRODUCT_NAME = "$(TARGET_NAME)";
				SWIFT_VERSION = 5.0;
				TARGETED_DEVICE_FAMILY = "1,2";
				TEST_TARGET_NAME = Uicery;
			};
			name = Debug;
		};
		96C6C44223530B2800A141DE /* Release */ = {
			isa = XCBuildConfiguration;
			buildSettings = {
				ALWAYS_EMBED_SWIFT_STANDARD_LIBRARIES = YES;
				CODE_SIGN_STYLE = Automatic;
				DEVELOPMENT_TEAM = M2DTJ8C4XD;
				INFOPLIST_FILE = UiceryUITests/Info.plist;
				LD_RUNPATH_SEARCH_PATHS = (
					"$(inherited)",
					"@executable_path/Frameworks",
					"@loader_path/Frameworks",
				);
				PRODUCT_BUNDLE_IDENTIFIER = com.assassintao.UiceryUITests;
				PRODUCT_NAME = "$(TARGET_NAME)";
				SWIFT_VERSION = 5.0;
				TARGETED_DEVICE_FAMILY = "1,2";
				TEST_TARGET_NAME = Uicery;
			};
			name = Release;
		};
/* End XCBuildConfiguration section */

/* Begin XCConfigurationList section */
		96C6C40823530B2600A141DE /* Build configuration list for PBXProject "Uicery" */ = {
			isa = XCConfigurationList;
			buildConfigurations = (
				96C6C43823530B2800A141DE /* Debug */,
				96C6C43923530B2800A141DE /* Release */,
			);
			defaultConfigurationIsVisible = 0;
			defaultConfigurationName = Release;
		};
		96C6C43A23530B2800A141DE /* Build configuration list for PBXNativeTarget "Uicery" */ = {
			isa = XCConfigurationList;
			buildConfigurations = (
				96C6C43B23530B2800A141DE /* Debug */,
				96C6C43C23530B2800A141DE /* Release */,
			);
			defaultConfigurationIsVisible = 0;
			defaultConfigurationName = Release;
		};
		96C6C43D23530B2800A141DE /* Build configuration list for PBXNativeTarget "UiceryTests" */ = {
			isa = XCConfigurationList;
			buildConfigurations = (
				96C6C43E23530B2800A141DE /* Debug */,
				96C6C43F23530B2800A141DE /* Release */,
			);
			defaultConfigurationIsVisible = 0;
			defaultConfigurationName = Release;
		};
		96C6C44023530B2800A141DE /* Build configuration list for PBXNativeTarget "UiceryUITests" */ = {
			isa = XCConfigurationList;
			buildConfigurations = (
				96C6C44123530B2800A141DE /* Debug */,
				96C6C44223530B2800A141DE /* Release */,
			);
			defaultConfigurationIsVisible = 0;
			defaultConfigurationName = Release;
		};
/* End XCConfigurationList section */

/* Begin XCVersionGroup section */
		96C6C41923530B2600A141DE /* Uicery.xcdatamodeld */ = {
			isa = XCVersionGroup;
			children = (
				96C6C41A23530B2600A141DE /* Uicery.xcdatamodel */,
			);
			currentVersion = 96C6C41A23530B2600A141DE /* Uicery.xcdatamodel */;
			path = Uicery.xcdatamodeld;
			sourceTree = "<group>";
			versionGroupType = wrapper.xcdatamodel;
		};
/* End XCVersionGroup section */
	};
	rootObject = 96C6C40523530B2600A141DE /* Project object */;
}
